
Microsoft Visual Studio Solution File, Format Version 12.00
# Visual Studio 15
VisualStudioVersion = 15.0.27130.2036
MinimumVisualStudioVersion = 10.0.40219.1
Project("{8BC9CEB8-8B4A-11D0-8D11-00A0C91BC942}") = "ADSchess", "ADSchess\ADSchess.vcxproj", "{65745FCF-5D77-44E7-8270-5E1BBD7DDEFF}"
EndProject
Global
	GlobalSection(SolutionConfigurationPlatforms) = preSolution
		Debug|x64 = Debug|x64
		Debug|x86 = Debug|x86
		Release|x64 = Release|x64
		Release|x86 = Release|x86
	EndGlobalSection
	GlobalSection(ProjectConfigurationPlatforms) = postSolution
		{65745FCF-5D77-44E7-8270-5E1BBD7DDEFF}.Debug|x64.ActiveCfg = Debug|x64
		{65745FCF-5D77-44E7-8270-5E1BBD7DDEFF}.Debug|x64.Build.0 = Debug|x64
		{65745FCF-5D77-44E7-8270-5E1BBD7DDEFF}.Debug|x86.ActiveCfg = Debug|Win32
		{65745FCF-5D77-44E7-8270-5E1BBD7DDEFF}.Debug|x86.Build.0 = Debug|Win32
		{65745FCF-5D77-44E7-8270-5E1BBD7DDEFF}.Release|x64.ActiveCfg = Release|x64
		{65745FCF-5D77-44E7-8270-5E1BBD7DDEFF}.Release|x64.Build.0 = Release|x64
		{65745FCF-5D77-44E7-8270-5E1BBD7DDEFF}.Release|x86.ActiveCfg = Release|Win32
		{65745FCF-5D77-44E7-8270-5E1BBD7DDEFF}.Release|x86.Build.0 = Release|Win32
	EndGlobalSection
	GlobalSection(SolutionProperties) = preSolution
		HideSolutionNode = FALSE
	EndGlobalSection
	GlobalSection(ExtensibilityGlobals) = postSolution
		SolutionGuid = {5C26665A-A060-4338-87F7-5C50597DEE76}
	EndGlobalSection
EndGlobal
